
Microsoft Visual Studio Solution File, Format Version 12.00
# Visual Studio 2012
Project("{FAE04EC0-301F-11D3-BF4B-00C04F79EFBC}") = "GdNet.Layers.Services", "GdNet.Layers.Services\GdNet.Layers.Services.csproj", "{FF51E8C1-1EF1-4F99-8B33-3713C52D2D60}"
EndProject
Project("{FAE04EC0-301F-11D3-BF4B-00C04F79EFBC}") = "NuGet.GdNet.Layers.Services", "NuGet.GdNet.Layers.Services\NuGet.GdNet.Layers.Services.csproj", "{0451BAEF-DF2E-4B98-8644-94EE9415E389}"
EndProject
Global
	GlobalSection(SolutionConfigurationPlatforms) = preSolution
		Debug|Any CPU = Debug|Any CPU
		Release|Any CPU = Release|Any CPU
	EndGlobalSection
	GlobalSection(ProjectConfigurationPlatforms) = postSolution
		{FF51E8C1-1EF1-4F99-8B33-3713C52D2D60}.Debug|Any CPU.ActiveCfg = Debug|Any CPU
		{FF51E8C1-1EF1-4F99-8B33-3713C52D2D60}.Debug|Any CPU.Build.0 = Debug|Any CPU
		{FF51E8C1-1EF1-4F99-8B33-3713C52D2D60}.Release|Any CPU.ActiveCfg = Release|Any CPU
		{FF51E8C1-1EF1-4F99-8B33-3713C52D2D60}.Release|Any CPU.Build.0 = Release|Any CPU
		{0451BAEF-DF2E-4B98-8644-94EE9415E389}.Debug|Any CPU.ActiveCfg = Debug|Any CPU
		{0451BAEF-DF2E-4B98-8644-94EE9415E389}.Debug|Any CPU.Build.0 = Debug|Any CPU
		{0451BAEF-DF2E-4B98-8644-94EE9415E389}.Release|Any CPU.ActiveCfg = Release|Any CPU
		{0451BAEF-DF2E-4B98-8644-94EE9415E389}.Release|Any CPU.Build.0 = Release|Any CPU
	EndGlobalSection
	GlobalSection(SolutionProperties) = preSolution
		HideSolutionNode = FALSE
	EndGlobalSection
EndGlobal
