
Microsoft Visual Studio Solution File, Format Version 12.00
# Visual Studio 2013
VisualStudioVersion = 12.0.31101.0
MinimumVisualStudioVersion = 10.0.40219.1
Project("{FAE04EC0-301F-11D3-BF4B-00C04F79EFBC}") = "GdNet.Layers.Services", "GdNet.Layers.Services\GdNet.Layers.Services.csproj", "{FF51E8C1-1EF1-4F99-8B33-3713C52D2D60}"
EndProject
Project("{FAE04EC0-301F-11D3-BF4B-00C04F79EFBC}") = "NuGet.GdNet.Layers.Services", "NuGet.GdNet.Layers.Services\NuGet.GdNet.Layers.Services.csproj", "{0451BAEF-DF2E-4B98-8644-94EE9415E389}"
EndProject
Project("{FAE04EC0-301F-11D3-BF4B-00C04F79EFBC}") = "GdNet.Layers.AppCommon.Services", "GdNet.Layers.AppCommon.Services\GdNet.Layers.AppCommon.Services.csproj", "{84DD7AFA-5B55-4E2E-B6C5-C8D3FD474CC8}"
EndProject
Project("{FAE04EC0-301F-11D3-BF4B-00C04F79EFBC}") = "NuGet.GdNet.Layers.AppCommon.Services", "NuGet.GdNet.Layers.AppCommon.Services\NuGet.GdNet.Layers.AppCommon.Services.csproj", "{0DBD9E68-9F17-416D-9330-43B3BDB333CC}"
EndProject
Project("{FAE04EC0-301F-11D3-BF4B-00C04F79EFBC}") = "GdNet.Layers.AppCommon.ServicesImpl", "GdNet.Layers.AppCommon.ServicesImpl\GdNet.Layers.AppCommon.ServicesImpl.csproj", "{37B3A891-1036-43F4-B2E7-CB969F8ED88A}"
EndProject
Project("{FAE04EC0-301F-11D3-BF4B-00C04F79EFBC}") = "NuGet.GdNet.Layers.AppCommon.ServicesImpl", "NuGet.GdNet.Layers.AppCommon.ServicesImpl\NuGet.GdNet.Layers.AppCommon.ServicesImpl.csproj", "{6C037A3D-5004-414D-9390-E2C082E8C0A3}"
EndProject
Global
	GlobalSection(SolutionConfigurationPlatforms) = preSolution
		Debug|Any CPU = Debug|Any CPU
		Release|Any CPU = Release|Any CPU
	EndGlobalSection
	GlobalSection(ProjectConfigurationPlatforms) = postSolution
		{FF51E8C1-1EF1-4F99-8B33-3713C52D2D60}.Debug|Any CPU.ActiveCfg = Debug|Any CPU
		{FF51E8C1-1EF1-4F99-8B33-3713C52D2D60}.Debug|Any CPU.Build.0 = Debug|Any CPU
		{FF51E8C1-1EF1-4F99-8B33-3713C52D2D60}.Release|Any CPU.ActiveCfg = Release|Any CPU
		{FF51E8C1-1EF1-4F99-8B33-3713C52D2D60}.Release|Any CPU.Build.0 = Release|Any CPU
		{0451BAEF-DF2E-4B98-8644-94EE9415E389}.Debug|Any CPU.ActiveCfg = Debug|Any CPU
		{0451BAEF-DF2E-4B98-8644-94EE9415E389}.Debug|Any CPU.Build.0 = Debug|Any CPU
		{0451BAEF-DF2E-4B98-8644-94EE9415E389}.Release|Any CPU.ActiveCfg = Release|Any CPU
		{0451BAEF-DF2E-4B98-8644-94EE9415E389}.Release|Any CPU.Build.0 = Release|Any CPU
		{84DD7AFA-5B55-4E2E-B6C5-C8D3FD474CC8}.Debug|Any CPU.ActiveCfg = Debug|Any CPU
		{84DD7AFA-5B55-4E2E-B6C5-C8D3FD474CC8}.Debug|Any CPU.Build.0 = Debug|Any CPU
		{84DD7AFA-5B55-4E2E-B6C5-C8D3FD474CC8}.Release|Any CPU.ActiveCfg = Release|Any CPU
		{84DD7AFA-5B55-4E2E-B6C5-C8D3FD474CC8}.Release|Any CPU.Build.0 = Release|Any CPU
		{0DBD9E68-9F17-416D-9330-43B3BDB333CC}.Debug|Any CPU.ActiveCfg = Debug|Any CPU
		{0DBD9E68-9F17-416D-9330-43B3BDB333CC}.Debug|Any CPU.Build.0 = Debug|Any CPU
		{0DBD9E68-9F17-416D-9330-43B3BDB333CC}.Release|Any CPU.ActiveCfg = Release|Any CPU
		{0DBD9E68-9F17-416D-9330-43B3BDB333CC}.Release|Any CPU.Build.0 = Release|Any CPU
		{37B3A891-1036-43F4-B2E7-CB969F8ED88A}.Debug|Any CPU.ActiveCfg = Debug|Any CPU
		{37B3A891-1036-43F4-B2E7-CB969F8ED88A}.Debug|Any CPU.Build.0 = Debug|Any CPU
		{37B3A891-1036-43F4-B2E7-CB969F8ED88A}.Release|Any CPU.ActiveCfg = Release|Any CPU
		{37B3A891-1036-43F4-B2E7-CB969F8ED88A}.Release|Any CPU.Build.0 = Release|Any CPU
		{6C037A3D-5004-414D-9390-E2C082E8C0A3}.Debug|Any CPU.ActiveCfg = Debug|Any CPU
		{6C037A3D-5004-414D-9390-E2C082E8C0A3}.Debug|Any CPU.Build.0 = Debug|Any CPU
		{6C037A3D-5004-414D-9390-E2C082E8C0A3}.Release|Any CPU.ActiveCfg = Release|Any CPU
		{6C037A3D-5004-414D-9390-E2C082E8C0A3}.Release|Any CPU.Build.0 = Release|Any CPU
	EndGlobalSection
	GlobalSection(SolutionProperties) = preSolution
		HideSolutionNode = FALSE
	EndGlobalSection
EndGlobal
